{
  "version": 4,
  "terraform_version": "1.13.3",
  "serial": 21,
  "lineage": "c3c24b87-086a-f2f7-c934-bedeb5a540db",
  "outputs": {
    "github_actions_service_account_email": {
      "value": "github-actions@foreningenbs.iam.gserviceaccount.com",
      "type": "string"
    },
    "github_workflow_identity_provider_name": {
      "value": "projects/277979591283/locations/global/workloadIdentityPools/github/providers/github",
      "type": "string"
    }
  },
  "resources": [
    {
      "mode": "data",
      "type": "google_project",
      "name": "project",
      "provider": "provider[\"registry.terraform.io/hashicorp/google\"]",
      "instances": [
        {
          "schema_version": 0,
          "attributes": {
            "auto_create_network": null,
            "billing_account": "010AE8-90B9A7-D7AC36",
            "deletion_policy": "PREVENT",
            "effective_labels": {},
            "folder_id": null,
            "id": "projects/foreningenbs",
            "labels": {},
            "name": "foreningenbs",
            "number": "277979591283",
            "org_id": null,
            "project_id": "foreningenbs",
            "tags": null,
            "terraform_labels": {}
          },
          "sensitive_attributes": [],
          "identity_schema_version": 0
        }
      ]
    },
    {
      "mode": "managed",
      "type": "google_artifact_registry_repository",
      "name": "fbs_docker",
      "provider": "provider[\"registry.terraform.io/hashicorp/google\"]",
      "instances": [
        {
          "schema_version": 0,
          "attributes": {
            "cleanup_policies": [],
            "cleanup_policy_dry_run": true,
            "create_time": "2025-09-20T20:55:01.067718Z",
            "description": "Docker registry for FBS - Provisioned by Terraform",
            "docker_config": [
              {
                "immutable_tags": true
              }
            ],
            "effective_labels": {},
            "format": "DOCKER",
            "id": "projects/foreningenbs/locations/europe-north2/repositories/fbs-docker",
            "kms_key_name": "",
            "labels": {},
            "location": "europe-north2",
            "maven_config": [],
            "mode": "STANDARD_REPOSITORY",
            "name": "fbs-docker",
            "project": "foreningenbs",
            "registry_uri": "europe-north2-docker.pkg.dev/foreningenbs/fbs-docker",
            "remote_repository_config": [],
            "repository_id": "fbs-docker",
            "terraform_labels": {},
            "timeouts": null,
            "update_time": "2025-09-20T23:06:51.693197Z",
            "virtual_repository_config": [],
            "vulnerability_scanning_config": [
              {
                "enablement_config": "INHERITED",
                "enablement_state": "SCANNING_DISABLED",
                "enablement_state_reason": "API containerscanning.googleapis.com is not enabled."
              }
            ]
          },
          "sensitive_attributes": [],
          "identity_schema_version": 0,
          "private": "eyJlMmJmYjczMC1lY2FhLTExZTYtOGY4OC0zNDM2M2JjN2M0YzAiOnsiY3JlYXRlIjoxMjAwMDAwMDAwMDAwLCJkZWxldGUiOjEyMDAwMDAwMDAwMDAsInVwZGF0ZSI6MTIwMDAwMDAwMDAwMH19"
        }
      ]
    },
    {
      "mode": "managed",
      "type": "google_iam_workload_identity_pool",
      "name": "github",
      "provider": "provider[\"registry.terraform.io/hashicorp/google\"]",
      "instances": [
        {
          "schema_version": 0,
          "attributes": {
            "description": "",
            "disabled": false,
            "display_name": "",
            "id": "projects/foreningenbs/locations/global/workloadIdentityPools/github",
            "name": "projects/277979591283/locations/global/workloadIdentityPools/github",
            "project": "foreningenbs",
            "state": "ACTIVE",
            "timeouts": null,
            "workload_identity_pool_id": "github"
          },
          "sensitive_attributes": [],
          "identity_schema_version": 0,
          "private": "eyJlMmJmYjczMC1lY2FhLTExZTYtOGY4OC0zNDM2M2JjN2M0YzAiOnsiY3JlYXRlIjoxMjAwMDAwMDAwMDAwLCJkZWxldGUiOjEyMDAwMDAwMDAwMDAsInVwZGF0ZSI6MTIwMDAwMDAwMDAwMH19"
        }
      ]
    },
    {
      "mode": "managed",
      "type": "google_iam_workload_identity_pool_provider",
      "name": "github",
      "provider": "provider[\"registry.terraform.io/hashicorp/google\"]",
      "instances": [
        {
          "schema_version": 0,
          "attributes": {
            "attribute_condition": "assertion.repository_owner=='blindern'",
            "attribute_mapping": {
              "attribute.actor": "assertion.actor",
              "attribute.repository": "assertion.repository",
              "attribute.repository_owner": "assertion.repository_owner",
              "google.subject": "assertion.sub"
            },
            "aws": [],
            "description": "",
            "disabled": false,
            "display_name": "",
            "id": "projects/foreningenbs/locations/global/workloadIdentityPools/github/providers/github",
            "name": "projects/277979591283/locations/global/workloadIdentityPools/github/providers/github",
            "oidc": [
              {
                "allowed_audiences": [],
                "issuer_uri": "https://token.actions.githubusercontent.com",
                "jwks_json": ""
              }
            ],
            "project": "foreningenbs",
            "saml": [],
            "state": "ACTIVE",
            "timeouts": null,
            "workload_identity_pool_id": "github",
            "workload_identity_pool_provider_id": "github",
            "x509": []
          },
          "sensitive_attributes": [],
          "identity_schema_version": 0,
          "private": "eyJlMmJmYjczMC1lY2FhLTExZTYtOGY4OC0zNDM2M2JjN2M0YzAiOnsiY3JlYXRlIjoxMjAwMDAwMDAwMDAwLCJkZWxldGUiOjEyMDAwMDAwMDAwMDAsInVwZGF0ZSI6MTIwMDAwMDAwMDAwMH19",
          "dependencies": [
            "data.google_project.project",
            "google_iam_workload_identity_pool.github"
          ]
        }
      ]
    },
    {
      "mode": "managed",
      "type": "google_project_iam_member",
      "name": "github_actions_read_write_registry",
      "provider": "provider[\"registry.terraform.io/hashicorp/google\"]",
      "instances": [
        {
          "schema_version": 0,
          "attributes": {
            "condition": [],
            "etag": "BwY/Qx1spcg=",
            "id": "foreningenbs/roles/artifactregistry.writer/serviceAccount:github-actions@foreningenbs.iam.gserviceaccount.com",
            "member": "serviceAccount:github-actions@foreningenbs.iam.gserviceaccount.com",
            "project": "foreningenbs",
            "role": "roles/artifactregistry.writer"
          },
          "sensitive_attributes": [],
          "identity_schema_version": 0,
          "private": "bnVsbA==",
          "dependencies": [
            "data.google_project.project",
            "google_service_account.github_actions"
          ]
        }
      ]
    },
    {
      "mode": "managed",
      "type": "google_service_account",
      "name": "github_actions",
      "provider": "provider[\"registry.terraform.io/hashicorp/google\"]",
      "instances": [
        {
          "schema_version": 0,
          "attributes": {
            "account_id": "github-actions",
            "create_ignore_already_exists": null,
            "description": "github.com/blindern - Provisioned by Terraform",
            "disabled": false,
            "display_name": "GitHub Actions",
            "email": "github-actions@foreningenbs.iam.gserviceaccount.com",
            "id": "projects/foreningenbs/serviceAccounts/github-actions@foreningenbs.iam.gserviceaccount.com",
            "member": "serviceAccount:github-actions@foreningenbs.iam.gserviceaccount.com",
            "name": "projects/foreningenbs/serviceAccounts/github-actions@foreningenbs.iam.gserviceaccount.com",
            "project": "foreningenbs",
            "timeouts": null,
            "unique_id": "110624256225829172200"
          },
          "sensitive_attributes": [],
          "identity_schema_version": 0,
          "private": "eyJlMmJmYjczMC1lY2FhLTExZTYtOGY4OC0zNDM2M2JjN2M0YzAiOnsiY3JlYXRlIjozMDAwMDAwMDAwMDB9fQ==",
          "dependencies": [
            "data.google_project.project"
          ]
        }
      ]
    },
    {
      "mode": "managed",
      "type": "google_service_account_iam_binding",
      "name": "repository_iam",
      "provider": "provider[\"registry.terraform.io/hashicorp/google\"]",
      "instances": [
        {
          "schema_version": 0,
          "attributes": {
            "condition": [],
            "etag": "BwY/Q7TDfmM=",
            "id": "projects/foreningenbs/serviceAccounts/github-actions@foreningenbs.iam.gserviceaccount.com/roles/iam.workloadIdentityUser",
            "members": [
              "principalSet://iam.googleapis.com/projects/277979591283/locations/global/workloadIdentityPools/github/attribute.repository_owner/blindern"
            ],
            "role": "roles/iam.workloadIdentityUser",
            "service_account_id": "projects/foreningenbs/serviceAccounts/github-actions@foreningenbs.iam.gserviceaccount.com"
          },
          "sensitive_attributes": [],
          "identity_schema_version": 0,
          "private": "bnVsbA==",
          "dependencies": [
            "data.google_project.project",
            "google_iam_workload_identity_pool.github",
            "google_service_account.github_actions"
          ]
        }
      ]
    }
  ],
  "check_results": null
}
